// !$*UTF8*$!
{
	archiveVersion = 1;
	classes = {
	};
	objectVersion = 55;
	objects = {

/* Begin PBXBuildFile section */
		049F8A7028B6B8B600F52678 /* RxMoya in Frameworks */ = {isa = PBXBuildFile; productRef = 049F8A6F28B6B8B600F52678 /* RxMoya */; };
		1756D98C28ABE207000EE823 /* LoginApis.swift in Sources */ = {isa = PBXBuildFile; fileRef = 1756D98B28ABE207000EE823 /* LoginApis.swift */; };
		1772D02428B3792600164511 /* NetworkConfig.swift in Sources */ = {isa = PBXBuildFile; fileRef = 1772D02328B3792600164511 /* NetworkConfig.swift */; };
		1772D03228B3CF6100164511 /* NetworkManager.swift in Sources */ = {isa = PBXBuildFile; fileRef = 1772D03128B3CF6100164511 /* NetworkManager.swift */; };
		1772D04C28B4DF7900164511 /* libModels.a in Frameworks */ = {isa = PBXBuildFile; fileRef = 1772D04B28B4DF7900164511 /* libModels.a */; };
/* End PBXBuildFile section */

/* Begin PBXCopyFilesBuildPhase section */
		1756D98628ABE207000EE823 /* CopyFiles */ = {
			isa = PBXCopyFilesBuildPhase;
			buildActionMask = 2147483647;
			dstPath = "include/$(PRODUCT_NAME)";
			dstSubfolderSpec = 16;
			files = (
			);
			runOnlyForDeploymentPostprocessing = 0;
		};
/* End PBXCopyFilesBuildPhase section */

/* Begin PBXFileReference section */
		1756D98828ABE207000EE823 /* libApiBridge.a */ = {isa = PBXFileReference; explicitFileType = archive.ar; includeInIndex = 0; path = libApiBridge.a; sourceTree = BUILT_PRODUCTS_DIR; };
		1756D98B28ABE207000EE823 /* LoginApis.swift */ = {isa = PBXFileReference; lastKnownFileType = sourcecode.swift; path = LoginApis.swift; sourceTree = "<group>"; };
		1772D02328B3792600164511 /* NetworkConfig.swift */ = {isa = PBXFileReference; fileEncoding = 4; lastKnownFileType = sourcecode.swift; path = NetworkConfig.swift; sourceTree = "<group>"; };
		1772D03128B3CF6100164511 /* NetworkManager.swift */ = {isa = PBXFileReference; lastKnownFileType = sourcecode.swift; path = NetworkManager.swift; sourceTree = "<group>"; };
		1772D04B28B4DF7900164511 /* libModels.a */ = {isa = PBXFileReference; explicitFileType = archive.ar; path = libModels.a; sourceTree = BUILT_PRODUCTS_DIR; };
/* End PBXFileReference section */

/* Begin PBXFrameworksBuildPhase section */
		1756D98528ABE207000EE823 /* Frameworks */ = {
			isa = PBXFrameworksBuildPhase;
			buildActionMask = 2147483647;
			files = (
				049F8A7028B6B8B600F52678 /* RxMoya in Frameworks */,
				1772D04C28B4DF7900164511 /* libModels.a in Frameworks */,
			);
			runOnlyForDeploymentPostprocessing = 0;
		};
/* End PBXFrameworksBuildPhase section */

/* Begin PBXGroup section */
		1756D97F28ABE207000EE823 = {
			isa = PBXGroup;
			children = (
				1772D02528B3793600164511 /* DI */,
				1772D02228B3791400164511 /* ServiceModels */,
				1756D98A28ABE207000EE823 /* ApiBridge */,
				1756D98928ABE207000EE823 /* Products */,
				17FCB15E28AE735E0076CFC2 /* Frameworks */,
			);
			sourceTree = "<group>";
		};
		1756D98928ABE207000EE823 /* Products */ = {
			isa = PBXGroup;
			children = (
				1756D98828ABE207000EE823 /* libApiBridge.a */,
			);
			name = Products;
			sourceTree = "<group>";
		};
		1756D98A28ABE207000EE823 /* ApiBridge */ = {
			isa = PBXGroup;
			children = (
				1756D98B28ABE207000EE823 /* LoginApis.swift */,
			);
			path = ApiBridge;
			sourceTree = "<group>";
		};
		1772D02228B3791400164511 /* ServiceModels */ = {
			isa = PBXGroup;
			children = (
				1772D02328B3792600164511 /* NetworkConfig.swift */,
				1772D03128B3CF6100164511 /* NetworkManager.swift */,
			);
			path = ServiceModels;
			sourceTree = "<group>";
		};
		1772D02528B3793600164511 /* DI */ = {
			isa = PBXGroup;
			children = (
			);
			path = DI;
			sourceTree = "<group>";
		};
		17FCB15E28AE735E0076CFC2 /* Frameworks */ = {
			isa = PBXGroup;
			children = (
				1772D04B28B4DF7900164511 /* libModels.a */,
			);
			name = Frameworks;
			sourceTree = "<group>";
		};
/* End PBXGroup section */

/* Begin PBXNativeTarget section */
		1756D98728ABE207000EE823 /* ApiBridge */ = {
			isa = PBXNativeTarget;
			buildConfigurationList = 1756D98F28ABE207000EE823 /* Build configuration list for PBXNativeTarget "ApiBridge" */;
			buildPhases = (
				1756D98428ABE207000EE823 /* Sources */,
				1756D98528ABE207000EE823 /* Frameworks */,
				1756D98628ABE207000EE823 /* CopyFiles */,
			);
			buildRules = (
			);
			dependencies = (
			);
			name = ApiBridge;
			packageProductDependencies = (
				049F8A6F28B6B8B600F52678 /* RxMoya */,
			);
			productName = APIBridge;
			productReference = 1756D98828ABE207000EE823 /* libApiBridge.a */;
			productType = "com.apple.product-type.library.static";
		};
/* End PBXNativeTarget section */

/* Begin PBXProject section */
		1756D98028ABE207000EE823 /* Project object */ = {
			isa = PBXProject;
			attributes = {
				BuildIndependentTargetsInParallel = 1;
				LastSwiftUpdateCheck = 1340;
				LastUpgradeCheck = 1340;
				TargetAttributes = {
					1756D98728ABE207000EE823 = {
						CreatedOnToolsVersion = 13.4.1;
					};
				};
			};
			buildConfigurationList = 1756D98328ABE207000EE823 /* Build configuration list for PBXProject "ApiBridge" */;
			compatibilityVersion = "Xcode 13.0";
			developmentRegion = en;
			hasScannedForEncodings = 0;
			knownRegions = (
				en,
				Base,
			);
			mainGroup = 1756D97F28ABE207000EE823;
			packageReferences = (
				049F8A6E28B6B8B600F52678 /* XCRemoteSwiftPackageReference "Moya" */,
			);
			productRefGroup = 1756D98928ABE207000EE823 /* Products */;
			projectDirPath = "";
			projectRoot = "";
			targets = (
				1756D98728ABE207000EE823 /* ApiBridge */,
			);
		};
/* End PBXProject section */

/* Begin PBXSourcesBuildPhase section */
		1756D98428ABE207000EE823 /* Sources */ = {
			isa = PBXSourcesBuildPhase;
			buildActionMask = 2147483647;
			files = (
				1772D03228B3CF6100164511 /* NetworkManager.swift in Sources */,
				1756D98C28ABE207000EE823 /* LoginApis.swift in Sources */,
				1772D02428B3792600164511 /* NetworkConfig.swift in Sources */,
			);
			runOnlyForDeploymentPostprocessing = 0;
		};
/* End PBXSourcesBuildPhase section */

/* Begin XCBuildConfiguration section */
		1756D98D28ABE207000EE823 /* Debug */ = {
			isa = XCBuildConfiguration;
			buildSettings = {
				ALWAYS_SEARCH_USER_PATHS = NO;
				CLANG_ANALYZER_NONNULL = YES;
				CLANG_ANALYZER_NUMBER_OBJECT_CONVERSION = YES_AGGRESSIVE;
				CLANG_CXX_LANGUAGE_STANDARD = "gnu++17";
				CLANG_ENABLE_MODULES = YES;
				CLANG_ENABLE_OBJC_ARC = YES;
				CLANG_ENABLE_OBJC_WEAK = YES;
				CLANG_WARN_BLOCK_CAPTURE_AUTORELEASING = YES;
				CLANG_WARN_BOOL_CONVERSION = YES;
				CLANG_WARN_COMMA = YES;
				CLANG_WARN_CONSTANT_CONVERSION = YES;
				CLANG_WARN_DEPRECATED_OBJC_IMPLEMENTATIONS = YES;
				CLANG_WARN_DIRECT_OBJC_ISA_USAGE = YES_ERROR;
				CLANG_WARN_DOCUMENTATION_COMMENTS = YES;
				CLANG_WARN_EMPTY_BODY = YES;
				CLANG_WARN_ENUM_CONVERSION = YES;
				CLANG_WARN_INFINITE_RECURSION = YES;
				CLANG_WARN_INT_CONVERSION = YES;
				CLANG_WARN_NON_LITERAL_NULL_CONVERSION = YES;
				CLANG_WARN_OBJC_IMPLICIT_RETAIN_SELF = YES;
				CLANG_WARN_OBJC_LITERAL_CONVERSION = YES;
				CLANG_WARN_OBJC_ROOT_CLASS = YES_ERROR;
				CLANG_WARN_QUOTED_INCLUDE_IN_FRAMEWORK_HEADER = YES;
				CLANG_WARN_RANGE_LOOP_ANALYSIS = YES;
				CLANG_WARN_STRICT_PROTOTYPES = YES;
				CLANG_WARN_SUSPICIOUS_MOVE = YES;
				CLANG_WARN_UNGUARDED_AVAILABILITY = YES_AGGRESSIVE;
				CLANG_WARN_UNREACHABLE_CODE = YES;
				CLANG_WARN__DUPLICATE_METHOD_MATCH = YES;
				COPY_PHASE_STRIP = NO;
				DEBUG_INFORMATION_FORMAT = dwarf;
				ENABLE_STRICT_OBJC_MSGSEND = YES;
				ENABLE_TESTABILITY = YES;
				GCC_C_LANGUAGE_STANDARD = gnu11;
				GCC_DYNAMIC_NO_PIC = NO;
				GCC_NO_COMMON_BLOCKS = YES;
				GCC_OPTIMIZATION_LEVEL = 0;
				GCC_PREPROCESSOR_DEFINITIONS = (
					"DEBUG=1",
					"$(inherited)",
				);
				GCC_WARN_64_TO_32_BIT_CONVERSION = YES;
				GCC_WARN_ABOUT_RETURN_TYPE = YES_ERROR;
				GCC_WARN_UNDECLARED_SELECTOR = YES;
				GCC_WARN_UNINITIALIZED_AUTOS = YES_AGGRESSIVE;
				GCC_WARN_UNUSED_FUNCTION = YES;
				GCC_WARN_UNUSED_VARIABLE = YES;
				IPHONEOS_DEPLOYMENT_TARGET = 15.5;
				MTL_ENABLE_DEBUG_INFO = INCLUDE_SOURCE;
				MTL_FAST_MATH = YES;
				ONLY_ACTIVE_ARCH = YES;
				SDKROOT = iphoneos;
				SWIFT_ACTIVE_COMPILATION_CONDITIONS = DEBUG;
				SWIFT_OPTIMIZATION_LEVEL = "-Onone";
			};
			name = Debug;
		};
		1756D98E28ABE207000EE823 /* Release */ = {
			isa = XCBuildConfiguration;
			buildSettings = {
				ALWAYS_SEARCH_USER_PATHS = NO;
				CLANG_ANALYZER_NONNULL = YES;
				CLANG_ANALYZER_NUMBER_OBJECT_CONVERSION = YES_AGGRESSIVE;
				CLANG_CXX_LANGUAGE_STANDARD = "gnu++17";
				CLANG_ENABLE_MODULES = YES;
				CLANG_ENABLE_OBJC_ARC = YES;
				CLANG_ENABLE_OBJC_WEAK = YES;
				CLANG_WARN_BLOCK_CAPTURE_AUTORELEASING = YES;
				CLANG_WARN_BOOL_CONVERSION = YES;
				CLANG_WARN_COMMA = YES;
				CLANG_WARN_CONSTANT_CONVERSION = YES;
				CLANG_WARN_DEPRECATED_OBJC_IMPLEMENTATIONS = YES;
				CLANG_WARN_DIRECT_OBJC_ISA_USAGE = YES_ERROR;
				CLANG_WARN_DOCUMENTATION_COMMENTS = YES;
				CLANG_WARN_EMPTY_BODY = YES;
				CLANG_WARN_ENUM_CONVERSION = YES;
				CLANG_WARN_INFINITE_RECURSION = YES;
				CLANG_WARN_INT_CONVERSION = YES;
				CLANG_WARN_NON_LITERAL_NULL_CONVERSION = YES;
				CLANG_WARN_OBJC_IMPLICIT_RETAIN_SELF = YES;
				CLANG_WARN_OBJC_LITERAL_CONVERSION = YES;
				CLANG_WARN_OBJC_ROOT_CLASS = YES_ERROR;
				CLANG_WARN_QUOTED_INCLUDE_IN_FRAMEWORK_HEADER = YES;
				CLANG_WARN_RANGE_LOOP_ANALYSIS = YES;
				CLANG_WARN_STRICT_PROTOTYPES = YES;
				CLANG_WARN_SUSPICIOUS_MOVE = YES;
				CLANG_WARN_UNGUARDED_AVAILABILITY = YES_AGGRESSIVE;
				CLANG_WARN_UNREACHABLE_CODE = YES;
				CLANG_WARN__DUPLICATE_METHOD_MATCH = YES;
				COPY_PHASE_STRIP = NO;
				DEBUG_INFORMATION_FORMAT = "dwarf-with-dsym";
				ENABLE_NS_ASSERTIONS = NO;
				ENABLE_STRICT_OBJC_MSGSEND = YES;
				GCC_C_LANGUAGE_STANDARD = gnu11;
				GCC_NO_COMMON_BLOCKS = YES;
				GCC_WARN_64_TO_32_BIT_CONVERSION = YES;
				GCC_WARN_ABOUT_RETURN_TYPE = YES_ERROR;
				GCC_WARN_UNDECLARED_SELECTOR = YES;
				GCC_WARN_UNINITIALIZED_AUTOS = YES_AGGRESSIVE;
				GCC_WARN_UNUSED_FUNCTION = YES;
				GCC_WARN_UNUSED_VARIABLE = YES;
				IPHONEOS_DEPLOYMENT_TARGET = 15.5;
				MTL_ENABLE_DEBUG_INFO = NO;
				MTL_FAST_MATH = YES;
				SDKROOT = iphoneos;
				SWIFT_COMPILATION_MODE = wholemodule;
				SWIFT_OPTIMIZATION_LEVEL = "-O";
				VALIDATE_PRODUCT = YES;
			};
			name = Release;
		};
		1756D99028ABE207000EE823 /* Debug */ = {
			isa = XCBuildConfiguration;
			buildSettings = {
				CODE_SIGN_STYLE = Automatic;
				OTHER_LDFLAGS = "-ObjC";
				PRODUCT_NAME = "$(TARGET_NAME)";
				SKIP_INSTALL = YES;
				SWIFT_VERSION = 5.0;
				TARGETED_DEVICE_FAMILY = "1,2";
			};
			name = Debug;
		};
		1756D99128ABE207000EE823 /* Release */ = {
			isa = XCBuildConfiguration;
			buildSettings = {
				CODE_SIGN_STYLE = Automatic;
				OTHER_LDFLAGS = "-ObjC";
				PRODUCT_NAME = "$(TARGET_NAME)";
				SKIP_INSTALL = YES;
				SWIFT_VERSION = 5.0;
				TARGETED_DEVICE_FAMILY = "1,2";
			};
			name = Release;
		};
/* End XCBuildConfiguration section */

/* Begin XCConfigurationList section */
		1756D98328ABE207000EE823 /* Build configuration list for PBXProject "ApiBridge" */ = {
			isa = XCConfigurationList;
			buildConfigurations = (
				1756D98D28ABE207000EE823 /* Debug */,
				1756D98E28ABE207000EE823 /* Release */,
			);
			defaultConfigurationIsVisible = 0;
			defaultConfigurationName = Release;
		};
		1756D98F28ABE207000EE823 /* Build configuration list for PBXNativeTarget "ApiBridge" */ = {
			isa = XCConfigurationList;
			buildConfigurations = (
				1756D99028ABE207000EE823 /* Debug */,
				1756D99128ABE207000EE823 /* Release */,
			);
			defaultConfigurationIsVisible = 0;
			defaultConfigurationName = Release;
		};
/* End XCConfigurationList section */

/* Begin XCRemoteSwiftPackageReference section */
		049F8A6E28B6B8B600F52678 /* XCRemoteSwiftPackageReference "Moya" */ = {
			isa = XCRemoteSwiftPackageReference;
			repositoryURL = "https://github.com/Moya/Moya.git";
			requirement = {
				branch = master;
				kind = branch;
			};
		};
/* End XCRemoteSwiftPackageReference section */

/* Begin XCSwiftPackageProductDependency section */
		049F8A6F28B6B8B600F52678 /* RxMoya */ = {
			isa = XCSwiftPackageProductDependency;
			package = 049F8A6E28B6B8B600F52678 /* XCRemoteSwiftPackageReference "Moya" */;
			productName = RxMoya;
		};
/* End XCSwiftPackageProductDependency section */
	};
	rootObject = 1756D98028ABE207000EE823 /* Project object */;
}
